
Microsoft Visual Studio Solution File, Format Version 12.00
# Visual Studio Version 17
VisualStudioVersion = 17.14.36127.28 d17.14
MinimumVisualStudioVersion = 10.0.40219.1
Project("{FAE04EC0-301F-11D3-BF4B-00C04F79EFBC}") = "SampleProject1", "SampleProject1.csproj", "{D351A4CB-A2B0-4425-9EDF-4DD5DA27FB7E}"
EndProject
Global
	GlobalSection(SolutionConfigurationPlatforms) = preSolution
		Debug|Any CPU = Debug|Any CPU
		Release|Any CPU = Release|Any CPU
	EndGlobalSection
	GlobalSection(ProjectConfigurationPlatforms) = postSolution
		{D351A4CB-A2B0-4425-9EDF-4DD5DA27FB7E}.Debug|Any CPU.ActiveCfg = Debug|Any CPU
		{D351A4CB-A2B0-4425-9EDF-4DD5DA27FB7E}.Debug|Any CPU.Build.0 = Debug|Any CPU
		{D351A4CB-A2B0-4425-9EDF-4DD5DA27FB7E}.Release|Any CPU.ActiveCfg = Release|Any CPU
		{D351A4CB-A2B0-4425-9EDF-4DD5DA27FB7E}.Release|Any CPU.Build.0 = Release|Any CPU
	EndGlobalSection
	GlobalSection(SolutionProperties) = preSolution
		HideSolutionNode = FALSE
	EndGlobalSection
	GlobalSection(ExtensibilityGlobals) = postSolution
		SolutionGuid = {D96C8501-EE52-4872-94EF-0827E1749C1C}
	EndGlobalSection
EndGlobal
